
Microsoft Visual Studio Solution File, Format Version 12.00
# Visual Studio 14
VisualStudioVersion = 14.0.25420.1
MinimumVisualStudioVersion = 10.0.40219.1
Project("{FAE04EC0-301F-11D3-BF4B-00C04F79EFBC}") = "Swapi.Data", "Swapi.Data\Swapi.Data.csproj", "{83155262-3FB1-4938-83DE-897D78C7CA12}"
EndProject
Project("{FAE04EC0-301F-11D3-BF4B-00C04F79EFBC}") = "Swapi.Client", "Swapi.Client\Swapi.Client.csproj", "{7FAA7A5C-9969-4DC2-A163-39645B633D09}"
EndProject
Project("{FAE04EC0-301F-11D3-BF4B-00C04F79EFBC}") = "Swapi.Data.Tests", "Swapi.Test\Swapi.Data.Tests.csproj", "{A1F499E7-841C-4FFA-8121-CC855669E186}"
EndProject
Global
	GlobalSection(SolutionConfigurationPlatforms) = preSolution
		Debug|Any CPU = Debug|Any CPU
		Release|Any CPU = Release|Any CPU
	EndGlobalSection
	GlobalSection(ProjectConfigurationPlatforms) = postSolution
		{83155262-3FB1-4938-83DE-897D78C7CA12}.Debug|Any CPU.ActiveCfg = Debug|Any CPU
		{83155262-3FB1-4938-83DE-897D78C7CA12}.Debug|Any CPU.Build.0 = Debug|Any CPU
		{83155262-3FB1-4938-83DE-897D78C7CA12}.Release|Any CPU.ActiveCfg = Release|Any CPU
		{83155262-3FB1-4938-83DE-897D78C7CA12}.Release|Any CPU.Build.0 = Release|Any CPU
		{7FAA7A5C-9969-4DC2-A163-39645B633D09}.Debug|Any CPU.ActiveCfg = Debug|Any CPU
		{7FAA7A5C-9969-4DC2-A163-39645B633D09}.Debug|Any CPU.Build.0 = Debug|Any CPU
		{7FAA7A5C-9969-4DC2-A163-39645B633D09}.Release|Any CPU.ActiveCfg = Release|Any CPU
		{7FAA7A5C-9969-4DC2-A163-39645B633D09}.Release|Any CPU.Build.0 = Release|Any CPU
		{A1F499E7-841C-4FFA-8121-CC855669E186}.Debug|Any CPU.ActiveCfg = Debug|Any CPU
		{A1F499E7-841C-4FFA-8121-CC855669E186}.Debug|Any CPU.Build.0 = Debug|Any CPU
		{A1F499E7-841C-4FFA-8121-CC855669E186}.Release|Any CPU.ActiveCfg = Release|Any CPU
		{A1F499E7-841C-4FFA-8121-CC855669E186}.Release|Any CPU.Build.0 = Release|Any CPU
	EndGlobalSection
	GlobalSection(SolutionProperties) = preSolution
		HideSolutionNode = FALSE
	EndGlobalSection
EndGlobal
